
Microsoft Visual Studio Solution File, Format Version 12.00
# Visual Studio Version 17
VisualStudioVersion = 17.7.34024.191
MinimumVisualStudioVersion = 10.0.40219.1
Project("{FAE04EC0-301F-11D3-BF4B-00C04F79EFBC}") = "Instituto", "Instituto\Instituto.csproj", "{C2343D34-3F83-4C2F-8ACD-CFEDA7816B01}"
EndProject
Global
	GlobalSection(SolutionConfigurationPlatforms) = preSolution
		Debug|Any CPU = Debug|Any CPU
		Release|Any CPU = Release|Any CPU
	EndGlobalSection
	GlobalSection(ProjectConfigurationPlatforms) = postSolution
		{C2343D34-3F83-4C2F-8ACD-CFEDA7816B01}.Debug|Any CPU.ActiveCfg = Debug|Any CPU
		{C2343D34-3F83-4C2F-8ACD-CFEDA7816B01}.Debug|Any CPU.Build.0 = Debug|Any CPU
		{C2343D34-3F83-4C2F-8ACD-CFEDA7816B01}.Release|Any CPU.ActiveCfg = Release|Any CPU
		{C2343D34-3F83-4C2F-8ACD-CFEDA7816B01}.Release|Any CPU.Build.0 = Release|Any CPU
	EndGlobalSection
	GlobalSection(SolutionProperties) = preSolution
		HideSolutionNode = FALSE
	EndGlobalSection
	GlobalSection(ExtensibilityGlobals) = postSolution
		SolutionGuid = {89CA1AF2-8F25-43D0-8CFF-08287773BB58}
	EndGlobalSection
EndGlobal
